// !$*UTF8*$!
{
	archiveVersion = 1;
	classes = {
	};
	objectVersion = 46;
	objects = {

/* Begin PBXBuildFile section */
		362B34FE8EC1A50648AD263A /* Pods_CircleCI_SampleTests.framework in Frameworks */ = {isa = PBXBuildFile; fileRef = DB7AC94C12A48E7FEA27E16E /* Pods_CircleCI_SampleTests.framework */; };
		B8D4C8C03F570F7799A0E87D /* Pods_CircleCI_Sample.framework in Frameworks */ = {isa = PBXBuildFile; fileRef = 7B01BF3E760FAC830B2EDD39 /* Pods_CircleCI_Sample.framework */; };
		EE8458631A5CF04400DB5D00 /* AppDelegate.swift in Sources */ = {isa = PBXBuildFile; fileRef = EE8458621A5CF04400DB5D00 /* AppDelegate.swift */; };
		EE8458651A5CF04400DB5D00 /* ViewController.swift in Sources */ = {isa = PBXBuildFile; fileRef = EE8458641A5CF04400DB5D00 /* ViewController.swift */; };
		EE8458681A5CF04400DB5D00 /* Main.storyboard in Resources */ = {isa = PBXBuildFile; fileRef = EE8458661A5CF04400DB5D00 /* Main.storyboard */; };
		EE84586A1A5CF04400DB5D00 /* Images.xcassets in Resources */ = {isa = PBXBuildFile; fileRef = EE8458691A5CF04400DB5D00 /* Images.xcassets */; };
		EE84586D1A5CF04400DB5D00 /* LaunchScreen.xib in Resources */ = {isa = PBXBuildFile; fileRef = EE84586B1A5CF04400DB5D00 /* LaunchScreen.xib */; };
		EE8458791A5CF04400DB5D00 /* CircleCI_SampleTests.swift in Sources */ = {isa = PBXBuildFile; fileRef = EE8458781A5CF04400DB5D00 /* CircleCI_SampleTests.swift */; };
/* End PBXBuildFile section */

/* Begin PBXContainerItemProxy section */
		EE8458731A5CF04400DB5D00 /* PBXContainerItemProxy */ = {
			isa = PBXContainerItemProxy;
			containerPortal = EE8458551A5CF04400DB5D00 /* Project object */;
			proxyType = 1;
			remoteGlobalIDString = EE84585C1A5CF04400DB5D00;
			remoteInfo = "CircleCI-Sample";
		};
/* End PBXContainerItemProxy section */

/* Begin PBXFileReference section */
		25B9B061BA93B1CD6F3ECE8D /* Pods-CircleCI-SampleTests.debug.xcconfig */ = {isa = PBXFileReference; includeInIndex = 1; lastKnownFileType = text.xcconfig; name = "Pods-CircleCI-SampleTests.debug.xcconfig"; path = "Pods/Target Support Files/Pods-CircleCI-SampleTests/Pods-CircleCI-SampleTests.debug.xcconfig"; sourceTree = "<group>"; };
		4D0D291A53FC832E73E7624E /* Pods-CircleCI-Sample.release.xcconfig */ = {isa = PBXFileReference; includeInIndex = 1; lastKnownFileType = text.xcconfig; name = "Pods-CircleCI-Sample.release.xcconfig"; path = "Pods/Target Support Files/Pods-CircleCI-Sample/Pods-CircleCI-Sample.release.xcconfig"; sourceTree = "<group>"; };
		56B797F7F48FEBBC686A471C /* Pods-CircleCI-SampleTests.release.xcconfig */ = {isa = PBXFileReference; includeInIndex = 1; lastKnownFileType = text.xcconfig; name = "Pods-CircleCI-SampleTests.release.xcconfig"; path = "Pods/Target Support Files/Pods-CircleCI-SampleTests/Pods-CircleCI-SampleTests.release.xcconfig"; sourceTree = "<group>"; };
		7B01BF3E760FAC830B2EDD39 /* Pods_CircleCI_Sample.framework */ = {isa = PBXFileReference; explicitFileType = wrapper.framework; includeInIndex = 0; path = Pods_CircleCI_Sample.framework; sourceTree = BUILT_PRODUCTS_DIR; };
		C998C90ABD02154DE5652C16 /* Pods-CircleCI-Sample.debug.xcconfig */ = {isa = PBXFileReference; includeInIndex = 1; lastKnownFileType = text.xcconfig; name = "Pods-CircleCI-Sample.debug.xcconfig"; path = "Pods/Target Support Files/Pods-CircleCI-Sample/Pods-CircleCI-Sample.debug.xcconfig"; sourceTree = "<group>"; };
		DB7AC94C12A48E7FEA27E16E /* Pods_CircleCI_SampleTests.framework */ = {isa = PBXFileReference; explicitFileType = wrapper.framework; includeInIndex = 0; path = Pods_CircleCI_SampleTests.framework; sourceTree = BUILT_PRODUCTS_DIR; };
		EE84585D1A5CF04400DB5D00 /* CircleCI-Sample.app */ = {isa = PBXFileReference; explicitFileType = wrapper.application; includeInIndex = 0; path = "CircleCI-Sample.app"; sourceTree = BUILT_PRODUCTS_DIR; };
		EE8458611A5CF04400DB5D00 /* Info.plist */ = {isa = PBXFileReference; lastKnownFileType = text.plist.xml; path = Info.plist; sourceTree = "<group>"; };
		EE8458621A5CF04400DB5D00 /* AppDelegate.swift */ = {isa = PBXFileReference; lastKnownFileType = sourcecode.swift; path = AppDelegate.swift; sourceTree = "<group>"; };
		EE8458641A5CF04400DB5D00 /* ViewController.swift */ = {isa = PBXFileReference; lastKnownFileType = sourcecode.swift; path = ViewController.swift; sourceTree = "<group>"; };
		EE8458671A5CF04400DB5D00 /* Base */ = {isa = PBXFileReference; lastKnownFileType = file.storyboard; name = Base; path = Base.lproj/Main.storyboard; sourceTree = "<group>"; };
		EE8458691A5CF04400DB5D00 /* Images.xcassets */ = {isa = PBXFileReference; lastKnownFileType = folder.assetcatalog; path = Images.xcassets; sourceTree = "<group>"; };
		EE84586C1A5CF04400DB5D00 /* Base */ = {isa = PBXFileReference; lastKnownFileType = file.xib; name = Base; path = Base.lproj/LaunchScreen.xib; sourceTree = "<group>"; };
		EE8458721A5CF04400DB5D00 /* CircleCI-SampleTests.xctest */ = {isa = PBXFileReference; explicitFileType = wrapper.cfbundle; includeInIndex = 0; path = "CircleCI-SampleTests.xctest"; sourceTree = BUILT_PRODUCTS_DIR; };
		EE8458771A5CF04400DB5D00 /* Info.plist */ = {isa = PBXFileReference; lastKnownFileType = text.plist.xml; path = Info.plist; sourceTree = "<group>"; };
		EE8458781A5CF04400DB5D00 /* CircleCI_SampleTests.swift */ = {isa = PBXFileReference; lastKnownFileType = sourcecode.swift; path = CircleCI_SampleTests.swift; sourceTree = "<group>"; };
/* End PBXFileReference section */

/* Begin PBXFrameworksBuildPhase section */
		EE84585A1A5CF04400DB5D00 /* Frameworks */ = {
			isa = PBXFrameworksBuildPhase;
			buildActionMask = 2147483647;
			files = (
				B8D4C8C03F570F7799A0E87D /* Pods_CircleCI_Sample.framework in Frameworks */,
			);
			runOnlyForDeploymentPostprocessing = 0;
		};
		EE84586F1A5CF04400DB5D00 /* Frameworks */ = {
			isa = PBXFrameworksBuildPhase;
			buildActionMask = 2147483647;
			files = (
				362B34FE8EC1A50648AD263A /* Pods_CircleCI_SampleTests.framework in Frameworks */,
			);
			runOnlyForDeploymentPostprocessing = 0;
		};
/* End PBXFrameworksBuildPhase section */

/* Begin PBXGroup section */
		6D1DCE4AD6FB67C837FD74C5 /* Pods */ = {
			isa = PBXGroup;
			children = (
				C998C90ABD02154DE5652C16 /* Pods-CircleCI-Sample.debug.xcconfig */,
				4D0D291A53FC832E73E7624E /* Pods-CircleCI-Sample.release.xcconfig */,
				25B9B061BA93B1CD6F3ECE8D /* Pods-CircleCI-SampleTests.debug.xcconfig */,
				56B797F7F48FEBBC686A471C /* Pods-CircleCI-SampleTests.release.xcconfig */,
			);
			name = Pods;
			sourceTree = "<group>";
		};
		D8B2A313819CB9DA9584450A /* Frameworks */ = {
			isa = PBXGroup;
			children = (
				7B01BF3E760FAC830B2EDD39 /* Pods_CircleCI_Sample.framework */,
				DB7AC94C12A48E7FEA27E16E /* Pods_CircleCI_SampleTests.framework */,
			);
			name = Frameworks;
			sourceTree = "<group>";
		};
		EE8458541A5CF04400DB5D00 = {
			isa = PBXGroup;
			children = (
				EE84585F1A5CF04400DB5D00 /* CircleCI-Sample */,
				EE8458751A5CF04400DB5D00 /* CircleCI-SampleTests */,
				EE84585E1A5CF04400DB5D00 /* Products */,
				6D1DCE4AD6FB67C837FD74C5 /* Pods */,
				D8B2A313819CB9DA9584450A /* Frameworks */,
			);
			sourceTree = "<group>";
		};
		EE84585E1A5CF04400DB5D00 /* Products */ = {
			isa = PBXGroup;
			children = (
				EE84585D1A5CF04400DB5D00 /* CircleCI-Sample.app */,
				EE8458721A5CF04400DB5D00 /* CircleCI-SampleTests.xctest */,
			);
			name = Products;
			sourceTree = "<group>";
		};
		EE84585F1A5CF04400DB5D00 /* CircleCI-Sample */ = {
			isa = PBXGroup;
			children = (
				EE8458621A5CF04400DB5D00 /* AppDelegate.swift */,
				EE8458641A5CF04400DB5D00 /* ViewController.swift */,
				EE8458661A5CF04400DB5D00 /* Main.storyboard */,
				EE8458691A5CF04400DB5D00 /* Images.xcassets */,
				EE84586B1A5CF04400DB5D00 /* LaunchScreen.xib */,
				EE8458601A5CF04400DB5D00 /* Supporting Files */,
			);
			path = "CircleCI-Sample";
			sourceTree = "<group>";
		};
		EE8458601A5CF04400DB5D00 /* Supporting Files */ = {
			isa = PBXGroup;
			children = (
				EE8458611A5CF04400DB5D00 /* Info.plist */,
			);
			name = "Supporting Files";
			sourceTree = "<group>";
		};
		EE8458751A5CF04400DB5D00 /* CircleCI-SampleTests */ = {
			isa = PBXGroup;
			children = (
				EE8458781A5CF04400DB5D00 /* CircleCI_SampleTests.swift */,
				EE8458761A5CF04400DB5D00 /* Supporting Files */,
			);
			path = "CircleCI-SampleTests";
			sourceTree = "<group>";
		};
		EE8458761A5CF04400DB5D00 /* Supporting Files */ = {
			isa = PBXGroup;
			children = (
				EE8458771A5CF04400DB5D00 /* Info.plist */,
			);
			name = "Supporting Files";
			sourceTree = "<group>";
		};
/* End PBXGroup section */

/* Begin PBXNativeTarget section */
		EE84585C1A5CF04400DB5D00 /* CircleCI-Sample */ = {
			isa = PBXNativeTarget;
			buildConfigurationList = EE84587C1A5CF04400DB5D00 /* Build configuration list for PBXNativeTarget "CircleCI-Sample" */;
			buildPhases = (
				9B7EA33A1BB562BBFA08F744 /* [CP] Check Pods Manifest.lock */,
				EE8458591A5CF04400DB5D00 /* Sources */,
				EE84585A1A5CF04400DB5D00 /* Frameworks */,
				EE84585B1A5CF04400DB5D00 /* Resources */,
				5A88E7C2F7FA016D73AD31B3 /* [CP] Embed Pods Frameworks */,
				C50A50956B7773ABA19D33AB /* [CP] Copy Pods Resources */,
			);
			buildRules = (
			);
			dependencies = (
			);
			name = "CircleCI-Sample";
			productName = "CircleCI-Sample";
			productReference = EE84585D1A5CF04400DB5D00 /* CircleCI-Sample.app */;
			productType = "com.apple.product-type.application";
		};
		EE8458711A5CF04400DB5D00 /* CircleCI-SampleTests */ = {
			isa = PBXNativeTarget;
			buildConfigurationList = EE84587F1A5CF04400DB5D00 /* Build configuration list for PBXNativeTarget "CircleCI-SampleTests" */;
			buildPhases = (
				2D23739580AA0FB35A3EBCE8 /* [CP] Check Pods Manifest.lock */,
				EE84586E1A5CF04400DB5D00 /* Sources */,
				EE84586F1A5CF04400DB5D00 /* Frameworks */,
				EE8458701A5CF04400DB5D00 /* Resources */,
				0676FFBC75E68413CF9DB447 /* [CP] Embed Pods Frameworks */,
				7A696A0CAA24184456DB8FE8 /* [CP] Copy Pods Resources */,
			);
			buildRules = (
			);
			dependencies = (
				EE8458741A5CF04400DB5D00 /* PBXTargetDependency */,
			);
			name = "CircleCI-SampleTests";
			productName = "CircleCI-SampleTests";
			productReference = EE8458721A5CF04400DB5D00 /* CircleCI-SampleTests.xctest */;
			productType = "com.apple.product-type.bundle.unit-test";
		};
/* End PBXNativeTarget section */

/* Begin PBXProject section */
		EE8458551A5CF04400DB5D00 /* Project object */ = {
			isa = PBXProject;
			attributes = {
				LastUpgradeCheck = 0610;
				ORGANIZATIONNAME = "Poly's Factory";
				TargetAttributes = {
					EE84585C1A5CF04400DB5D00 = {
						CreatedOnToolsVersion = 6.1.1;
						DevelopmentTeam = STEU5A4T3A;
						ProvisioningStyle = Manual;
					};
					EE8458711A5CF04400DB5D00 = {
						CreatedOnToolsVersion = 6.1.1;
						DevelopmentTeam = STEU5A4T3A;
						TestTargetID = EE84585C1A5CF04400DB5D00;
					};
				};
			};
			buildConfigurationList = EE8458581A5CF04400DB5D00 /* Build configuration list for PBXProject "CircleCI-Sample" */;
			compatibilityVersion = "Xcode 3.2";
			developmentRegion = English;
			hasScannedForEncodings = 0;
			knownRegions = (
				en,
				Base,
			);
			mainGroup = EE8458541A5CF04400DB5D00;
			productRefGroup = EE84585E1A5CF04400DB5D00 /* Products */;
			projectDirPath = "";
			projectRoot = "";
			targets = (
				EE84585C1A5CF04400DB5D00 /* CircleCI-Sample */,
				EE8458711A5CF04400DB5D00 /* CircleCI-SampleTests */,
			);
		};
/* End PBXProject section */

/* Begin PBXResourcesBuildPhase section */
		EE84585B1A5CF04400DB5D00 /* Resources */ = {
			isa = PBXResourcesBuildPhase;
			buildActionMask = 2147483647;
			files = (
				EE8458681A5CF04400DB5D00 /* Main.storyboard in Resources */,
				EE84586D1A5CF04400DB5D00 /* LaunchScreen.xib in Resources */,
				EE84586A1A5CF04400DB5D00 /* Images.xcassets in Resources */,
			);
			runOnlyForDeploymentPostprocessing = 0;
		};
		EE8458701A5CF04400DB5D00 /* Resources */ = {
			isa = PBXResourcesBuildPhase;
			buildActionMask = 2147483647;
			files = (
			);
			runOnlyForDeploymentPostprocessing = 0;
		};
/* End PBXResourcesBuildPhase section */

/* Begin PBXShellScriptBuildPhase section */
		0676FFBC75E68413CF9DB447 /* [CP] Embed Pods Frameworks */ = {
			isa = PBXShellScriptBuildPhase;
			buildActionMask = 2147483647;
			files = (
			);
			inputPaths = (
			);
			name = "[CP] Embed Pods Frameworks";
			outputPaths = (
			);
			runOnlyForDeploymentPostprocessing = 0;
			shellPath = /bin/sh;
			shellScript = "\"${SRCROOT}/Pods/Target Support Files/Pods-CircleCI-SampleTests/Pods-CircleCI-SampleTests-frameworks.sh\"\n";
			showEnvVarsInLog = 0;
		};
		2D23739580AA0FB35A3EBCE8 /* [CP] Check Pods Manifest.lock */ = {
			isa = PBXShellScriptBuildPhase;
			buildActionMask = 2147483647;
			files = (
			);
			inputPaths = (
			);
			name = "[CP] Check Pods Manifest.lock";
			outputPaths = (
			);
			runOnlyForDeploymentPostprocessing = 0;
			shellPath = /bin/sh;
			shellScript = "diff \"${PODS_ROOT}/../Podfile.lock\" \"${PODS_ROOT}/Manifest.lock\" > /dev/null\nif [ $? != 0 ] ; then\n    # print error to STDERR\n    echo \"error: The sandbox is not in sync with the Podfile.lock. Run 'pod install' or update your CocoaPods installation.\" >&2\n    exit 1\nfi\n";
			showEnvVarsInLog = 0;
		};
		5A88E7C2F7FA016D73AD31B3 /* [CP] Embed Pods Frameworks */ = {
			isa = PBXShellScriptBuildPhase;
			buildActionMask = 2147483647;
			files = (
			);
			inputPaths = (
			);
			name = "[CP] Embed Pods Frameworks";
			outputPaths = (
			);
			runOnlyForDeploymentPostprocessing = 0;
			shellPath = /bin/sh;
			shellScript = "\"${SRCROOT}/Pods/Target Support Files/Pods-CircleCI-Sample/Pods-CircleCI-Sample-frameworks.sh\"\n";
			showEnvVarsInLog = 0;
		};
		7A696A0CAA24184456DB8FE8 /* [CP] Copy Pods Resources */ = {
			isa = PBXShellScriptBuildPhase;
			buildActionMask = 2147483647;
			files = (
			);
			inputPaths = (
			);
			name = "[CP] Copy Pods Resources";
			outputPaths = (
			);
			runOnlyForDeploymentPostprocessing = 0;
			shellPath = /bin/sh;
			shellScript = "\"${SRCROOT}/Pods/Target Support Files/Pods-CircleCI-SampleTests/Pods-CircleCI-SampleTests-resources.sh\"\n";
			showEnvVarsInLog = 0;
		};
		9B7EA33A1BB562BBFA08F744 /* [CP] Check Pods Manifest.lock */ = {
			isa = PBXShellScriptBuildPhase;
			buildActionMask = 2147483647;
			files = (
			);
			inputPaths = (
			);
			name = "[CP] Check Pods Manifest.lock";
			outputPaths = (
			);
			runOnlyForDeploymentPostprocessing = 0;
			shellPath = /bin/sh;
			shellScript = "diff \"${PODS_ROOT}/../Podfile.lock\" \"${PODS_ROOT}/Manifest.lock\" > /dev/null\nif [ $? != 0 ] ; then\n    # print error to STDERR\n    echo \"error: The sandbox is not in sync with the Podfile.lock. Run 'pod install' or update your CocoaPods installation.\" >&2\n    exit 1\nfi\n";
			showEnvVarsInLog = 0;
		};
		C50A50956B7773ABA19D33AB /* [CP] Copy Pods Resources */ = {
			isa = PBXShellScriptBuildPhase;
			buildActionMask = 2147483647;
			files = (
			);
			inputPaths = (
			);
			name = "[CP] Copy Pods Resources";
			outputPaths = (
			);
			runOnlyForDeploymentPostprocessing = 0;
			shellPath = /bin/sh;
			shellScript = "\"${SRCROOT}/Pods/Target Support Files/Pods-CircleCI-Sample/Pods-CircleCI-Sample-resources.sh\"\n";
			showEnvVarsInLog = 0;
		};
/* End PBXShellScriptBuildPhase section */

/* Begin PBXSourcesBuildPhase section */
		EE8458591A5CF04400DB5D00 /* Sources */ = {
			isa = PBXSourcesBuildPhase;
			buildActionMask = 2147483647;
			files = (
				EE8458651A5CF04400DB5D00 /* ViewController.swift in Sources */,
				EE8458631A5CF04400DB5D00 /* AppDelegate.swift in Sources */,
			);
			runOnlyForDeploymentPostprocessing = 0;
		};
		EE84586E1A5CF04400DB5D00 /* Sources */ = {
			isa = PBXSourcesBuildPhase;
			buildActionMask = 2147483647;
			files = (
				EE8458791A5CF04400DB5D00 /* CircleCI_SampleTests.swift in Sources */,
			);
			runOnlyForDeploymentPostprocessing = 0;
		};
/* End PBXSourcesBuildPhase section */

/* Begin PBXTargetDependency section */
		EE8458741A5CF04400DB5D00 /* PBXTargetDependency */ = {
			isa = PBXTargetDependency;
			target = EE84585C1A5CF04400DB5D00 /* CircleCI-Sample */;
			targetProxy = EE8458731A5CF04400DB5D00 /* PBXContainerItemProxy */;
		};
/* End PBXTargetDependency section */

/* Begin PBXVariantGroup section */
		EE8458661A5CF04400DB5D00 /* Main.storyboard */ = {
			isa = PBXVariantGroup;
			children = (
				EE8458671A5CF04400DB5D00 /* Base */,
			);
			name = Main.storyboard;
			sourceTree = "<group>";
		};
		EE84586B1A5CF04400DB5D00 /* LaunchScreen.xib */ = {
			isa = PBXVariantGroup;
			children = (
				EE84586C1A5CF04400DB5D00 /* Base */,
			);
			name = LaunchScreen.xib;
			sourceTree = "<group>";
		};
/* End PBXVariantGroup section */

/* Begin XCBuildConfiguration section */
		EE84587A1A5CF04400DB5D00 /* Debug */ = {
			isa = XCBuildConfiguration;
			buildSettings = {
				ALWAYS_SEARCH_USER_PATHS = NO;
				CLANG_CXX_LANGUAGE_STANDARD = "gnu++0x";
				CLANG_CXX_LIBRARY = "libc++";
				CLANG_ENABLE_MODULES = YES;
				CLANG_ENABLE_OBJC_ARC = YES;
				CLANG_WARN_BOOL_CONVERSION = YES;
				CLANG_WARN_CONSTANT_CONVERSION = YES;
				CLANG_WARN_DIRECT_OBJC_ISA_USAGE = YES_ERROR;
				CLANG_WARN_EMPTY_BODY = YES;
				CLANG_WARN_ENUM_CONVERSION = YES;
				CLANG_WARN_INT_CONVERSION = YES;
				CLANG_WARN_OBJC_ROOT_CLASS = YES_ERROR;
				CLANG_WARN_UNREACHABLE_CODE = YES;
				CLANG_WARN__DUPLICATE_METHOD_MATCH = YES;
				CODE_SIGN_IDENTITY = "iPhone Developer";
				"CODE_SIGN_IDENTITY[sdk=iphoneos*]" = "iPhone Developer";
				CODE_SIGN_RESOURCE_RULES_PATH = "$(SDKROOT)/ResourceRules.plist";
				COPY_PHASE_STRIP = NO;
				ENABLE_STRICT_OBJC_MSGSEND = YES;
				GCC_C_LANGUAGE_STANDARD = gnu99;
				GCC_DYNAMIC_NO_PIC = NO;
				GCC_OPTIMIZATION_LEVEL = 0;
				GCC_PREPROCESSOR_DEFINITIONS = (
					"DEBUG=1",
					"$(inherited)",
				);
				GCC_SYMBOLS_PRIVATE_EXTERN = NO;
				GCC_WARN_64_TO_32_BIT_CONVERSION = YES;
				GCC_WARN_ABOUT_RETURN_TYPE = YES_ERROR;
				GCC_WARN_UNDECLARED_SELECTOR = YES;
				GCC_WARN_UNINITIALIZED_AUTOS = YES_AGGRESSIVE;
				GCC_WARN_UNUSED_FUNCTION = YES;
				GCC_WARN_UNUSED_VARIABLE = YES;
				IPHONEOS_DEPLOYMENT_TARGET = 8.1;
				MTL_ENABLE_DEBUG_INFO = YES;
				ONLY_ACTIVE_ARCH = YES;
				SDKROOT = iphoneos;
				SWIFT_OPTIMIZATION_LEVEL = "-Onone";
				TARGETED_DEVICE_FAMILY = "1,2";
			};
			name = Debug;
		};
		EE84587B1A5CF04400DB5D00 /* Release */ = {
			isa = XCBuildConfiguration;
			buildSettings = {
				ALWAYS_SEARCH_USER_PATHS = NO;
				CLANG_CXX_LANGUAGE_STANDARD = "gnu++0x";
				CLANG_CXX_LIBRARY = "libc++";
				CLANG_ENABLE_MODULES = YES;
				CLANG_ENABLE_OBJC_ARC = YES;
				CLANG_WARN_BOOL_CONVERSION = YES;
				CLANG_WARN_CONSTANT_CONVERSION = YES;
				CLANG_WARN_DIRECT_OBJC_ISA_USAGE = YES_ERROR;
				CLANG_WARN_EMPTY_BODY = YES;
				CLANG_WARN_ENUM_CONVERSION = YES;
				CLANG_WARN_INT_CONVERSION = YES;
				CLANG_WARN_OBJC_ROOT_CLASS = YES_ERROR;
				CLANG_WARN_UNREACHABLE_CODE = YES;
				CLANG_WARN__DUPLICATE_METHOD_MATCH = YES;
				CODE_SIGN_IDENTITY = "iPhone Distribution";
				"CODE_SIGN_IDENTITY[sdk=iphoneos*]" = "iPhone Developer";
				CODE_SIGN_RESOURCE_RULES_PATH = "$(SDKROOT)/ResourceRules.plist";
				COPY_PHASE_STRIP = YES;
				ENABLE_NS_ASSERTIONS = NO;
				ENABLE_STRICT_OBJC_MSGSEND = YES;
				GCC_C_LANGUAGE_STANDARD = gnu99;
				GCC_WARN_64_TO_32_BIT_CONVERSION = YES;
				GCC_WARN_ABOUT_RETURN_TYPE = YES_ERROR;
				GCC_WARN_UNDECLARED_SELECTOR = YES;
				GCC_WARN_UNINITIALIZED_AUTOS = YES_AGGRESSIVE;
				GCC_WARN_UNUSED_FUNCTION = YES;
				GCC_WARN_UNUSED_VARIABLE = YES;
				IPHONEOS_DEPLOYMENT_TARGET = 8.1;
				MTL_ENABLE_DEBUG_INFO = NO;
				SDKROOT = iphoneos;
				TARGETED_DEVICE_FAMILY = "1,2";
				VALIDATE_PRODUCT = YES;
			};
			name = Release;
		};
		EE84587D1A5CF04400DB5D00 /* Debug */ = {
			isa = XCBuildConfiguration;
			baseConfigurationReference = C998C90ABD02154DE5652C16 /* Pods-CircleCI-Sample.debug.xcconfig */;
			buildSettings = {
				ASSETCATALOG_COMPILER_APPICON_NAME = AppIcon;
				"CODE_SIGN_IDENTITY[sdk=iphoneos*]" = "iPhone Distribution: TWIIN, INC. (STEU5A4T3A)";
				COPY_PHASE_STRIP = YES;
				DEBUG_INFORMATION_FORMAT = dwarf;
				DEFINES_MODULE = YES;
				DEVELOPMENT_TEAM = STEU5A4T3A;
				ENABLE_BITCODE = NO;
				ENABLE_TESTABILITY = YES;
				FRAMEWORK_SEARCH_PATHS = (
					"$(inherited)",
					"$(PROJECT_DIR)",
				);
				INFOPLIST_FILE = "CircleCI-Sample/Info.plist";
				IPHONEOS_DEPLOYMENT_TARGET = 8.0;
				LIBRARY_SEARCH_PATHS = "$(inherited)";
				ONLY_ACTIVE_ARCH = NO;
				OTHER_SWIFT_FLAGS = "$(inherited) \"-D\" \"COCOAPODS\"";
				PRODUCT_BUNDLE_IDENTIFIER = com.twiin.AvalonApp;
				PRODUCT_NAME = "$(TARGET_NAME)";
				PROVISIONING_PROFILE = "85795769-e577-41cb-aef2-c47da8af071b";
				PROVISIONING_PROFILE_SPECIFIER = "XC iOS: com.twiin.AvalonApp";
				SWIFT_VERSION = 2.3;
				VALIDATE_PRODUCT = NO;
			};
			name = Debug;
		};
		EE84587E1A5CF04400DB5D00 /* Release */ = {
			isa = XCBuildConfiguration;
			baseConfigurationReference = 4D0D291A53FC832E73E7624E /* Pods-CircleCI-Sample.release.xcconfig */;
			buildSettings = {
				ASSETCATALOG_COMPILER_APPICON_NAME = AppIcon;
				"CODE_SIGN_IDENTITY[sdk=iphoneos*]" = "iPhone Distribution: TWIIN, INC. (STEU5A4T3A)";
				DEBUG_INFORMATION_FORMAT = dwarf;
				DEFINES_MODULE = YES;
				DEVELOPMENT_TEAM = STEU5A4T3A;
				ENABLE_BITCODE = NO;
				ENABLE_TESTABILITY = YES;
				FRAMEWORK_SEARCH_PATHS = (
					"$(inherited)",
					"$(PROJECT_DIR)",
				);
				INFOPLIST_FILE = "CircleCI-Sample/Info.plist";
				IPHONEOS_DEPLOYMENT_TARGET = 8.0;
				LIBRARY_SEARCH_PATHS = "$(inherited)";
				ONLY_ACTIVE_ARCH = NO;
				OTHER_SWIFT_FLAGS = "$(inherited) \"-D\" \"COCOAPODS\"";
				PRODUCT_BUNDLE_IDENTIFIER = com.twiin.AvalonApp;
				PRODUCT_NAME = "$(TARGET_NAME)";
				PROVISIONING_PROFILE = "85795769-e577-41cb-aef2-c47da8af071b";
				PROVISIONING_PROFILE_SPECIFIER = "XC iOS: com.twiin.AvalonApp";
				SWIFT_VERSION = 2.3;
				VALIDATE_PRODUCT = NO;
			};
			name = Release;
		};
		EE8458801A5CF04400DB5D00 /* Debug */ = {
			isa = XCBuildConfiguration;
			baseConfigurationReference = 25B9B061BA93B1CD6F3ECE8D /* Pods-CircleCI-SampleTests.debug.xcconfig */;
			buildSettings = {
				BUNDLE_LOADER = "$(TEST_HOST)";
				DEVELOPMENT_TEAM = STEU5A4T3A;
				GCC_PREPROCESSOR_DEFINITIONS = (
					"DEBUG=1",
					"$(inherited)",
				);
				INFOPLIST_FILE = "CircleCI-SampleTests/Info.plist";
				ONLY_ACTIVE_ARCH = NO;
				PRODUCT_NAME = "$(TARGET_NAME)";
				SWIFT_VERSION = 2.3;
				TEST_HOST = "$(BUILT_PRODUCTS_DIR)/CircleCI-Sample.app/CircleCI-Sample";
				USER_HEADER_SEARCH_PATHS = "$(inherited)";
			};
			name = Debug;
		};
		EE8458811A5CF04400DB5D00 /* Release */ = {
			isa = XCBuildConfiguration;
			baseConfigurationReference = 56B797F7F48FEBBC686A471C /* Pods-CircleCI-SampleTests.release.xcconfig */;
			buildSettings = {
				BUNDLE_LOADER = "$(TEST_HOST)";
				DEVELOPMENT_TEAM = STEU5A4T3A;
				INFOPLIST_FILE = "CircleCI-SampleTests/Info.plist";
				ONLY_ACTIVE_ARCH = NO;
				PRODUCT_NAME = "$(TARGET_NAME)";
				SWIFT_VERSION = 2.3;
				TEST_HOST = "$(BUILT_PRODUCTS_DIR)/CircleCI-Sample.app/CircleCI-Sample";
				USER_HEADER_SEARCH_PATHS = "$(inherited)";
				VALIDATE_PRODUCT = NO;
			};
			name = Release;
		};
/* End XCBuildConfiguration section */

/* Begin XCConfigurationList section */
		EE8458581A5CF04400DB5D00 /* Build configuration list for PBXProject "CircleCI-Sample" */ = {
			isa = XCConfigurationList;
			buildConfigurations = (
				EE84587A1A5CF04400DB5D00 /* Debug */,
				EE84587B1A5CF04400DB5D00 /* Release */,
			);
			defaultConfigurationIsVisible = 0;
			defaultConfigurationName = Release;
		};
		EE84587C1A5CF04400DB5D00 /* Build configuration list for PBXNativeTarget "CircleCI-Sample" */ = {
			isa = XCConfigurationList;
			buildConfigurations = (
				EE84587D1A5CF04400DB5D00 /* Debug */,
				EE84587E1A5CF04400DB5D00 /* Release */,
			);
			defaultConfigurationIsVisible = 0;
			defaultConfigurationName = Release;
		};
		EE84587F1A5CF04400DB5D00 /* Build configuration list for PBXNativeTarget "CircleCI-SampleTests" */ = {
			isa = XCConfigurationList;
			buildConfigurations = (
				EE8458801A5CF04400DB5D00 /* Debug */,
				EE8458811A5CF04400DB5D00 /* Release */,
			);
			defaultConfigurationIsVisible = 0;
			defaultConfigurationName = Release;
		};
/* End XCConfigurationList section */
	};
	rootObject = EE8458551A5CF04400DB5D00 /* Project object */;
}
